
Microsoft Visual Studio Solution File, Format Version 12.00
# Visual Studio Version 17
VisualStudioVersion = 17.14.36123.116
MinimumVisualStudioVersion = 10.0.40219.1
Project("{9A19103F-16F7-4668-BE54-9A1E7A4F7556}") = "Keynest.Core", "Keynest.Core\Keynest.Core.csproj", "{A3F2C8D1-4B5E-4F6A-8C2D-1E3F5A7B9C0D}"
EndProject
Project("{9A19103F-16F7-4668-BE54-9A1E7A4F7556}") = "Keynest.Windows", "Keynest.Windows\Keynest.Windows.csproj", "{B4E3D9C2-5C6F-4E7B-9D3E-2F4A6B8D0E1F}"
EndProject
Global
	GlobalSection(SolutionConfigurationPlatforms) = preSolution
		Debug|Any CPU = Debug|Any CPU
		Debug|x64 = Debug|x64
		Release|Any CPU = Release|Any CPU
		Release|x64 = Release|x64
	EndGlobalSection
	GlobalSection(ProjectConfigurationPlatforms) = postSolution
		{A3F2C8D1-4B5E-4F6A-8C2D-1E3F5A7B9C0D}.Debug|Any CPU.ActiveCfg = Debug|Any CPU
		{A3F2C8D1-4B5E-4F6A-8C2D-1E3F5A7B9C0D}.Debug|Any CPU.Build.0 = Debug|Any CPU
		{A3F2C8D1-4B5E-4F6A-8C2D-1E3F5A7B9C0D}.Release|Any CPU.ActiveCfg = Release|Any CPU
		{A3F2C8D1-4B5E-4F6A-8C2D-1E3F5A7B9C0D}.Release|Any CPU.Build.0 = Release|Any CPU
		{B4E3D9C2-5C6F-4E7B-9D3E-2F4A6B8D0E1F}.Debug|x64.ActiveCfg = Debug|x64
		{B4E3D9C2-5C6F-4E7B-9D3E-2F4A6B8D0E1F}.Debug|x64.Build.0 = Debug|x64
		{B4E3D9C2-5C6F-4E7B-9D3E-2F4A6B8D0E1F}.Release|x64.ActiveCfg = Release|x64
		{B4E3D9C2-5C6F-4E7B-9D3E-2F4A6B8D0E1F}.Release|x64.Build.0 = Release|x64
	EndGlobalSection
	GlobalSection(SolutionProperties) = preSolution
		HideSolutionNode = FALSE
	EndGlobalSection
EndGlobal
